
Microsoft Visual Studio Solution File, Format Version 12.00
# Visual Studio Version 17
VisualStudioVersion = 17.4.33110.190
MinimumVisualStudioVersion = 10.0.40219.1
Project("{9A19103F-16F7-4668-BE54-9A1E7A4F7556}") = "NotificationSystem", "NotificationSystem\NotificationSystem.csproj", "{6EE89576-C8F0-4482-847B-8F77EAA10D3A}"
EndProject
Project("{9A19103F-16F7-4668-BE54-9A1E7A4F7556}") = "NotificationSystem.BusinessLogic", "NotificationSystem.BusinessLogic\NotificationSystem.BusinessLogic.csproj", "{A2C187A0-581F-4DC3-AF0C-594A57E683D1}"
EndProject
Project("{9A19103F-16F7-4668-BE54-9A1E7A4F7556}") = "NotificationSystem.DataAccessLayer", "NotificationSystem.DataAccessLayer\NotificationSystem.DataAccessLayer.csproj", "{AC63FE72-0C23-42B8-9253-2C89C2D7B6A6}"
EndProject
Project("{9A19103F-16F7-4668-BE54-9A1E7A4F7556}") = "NotificationSystem.Common", "NotificationSystem.Common\NotificationSystem.Common.csproj", "{FF067AB5-8AF2-4A89-9B28-D8E6A6CD92C1}"
EndProject
Project("{9A19103F-16F7-4668-BE54-9A1E7A4F7556}") = "NotificationSystem.Models", "NotificationSystem.Models\NotificationSystem.Models.csproj", "{84F49FF4-A1C7-4CDA-BF03-DF88B767F6C5}"
EndProject
Project("{9A19103F-16F7-4668-BE54-9A1E7A4F7556}") = "NotificationSystem.Jobs", "NotificationSystem.Jobs\NotificationSystem.Jobs.csproj", "{769B73A8-AB7C-47C2-9AD9-545D1D220D3C}"
EndProject
Global
	GlobalSection(SolutionConfigurationPlatforms) = preSolution
		Debug|Any CPU = Debug|Any CPU
		Release|Any CPU = Release|Any CPU
	EndGlobalSection
	GlobalSection(ProjectConfigurationPlatforms) = postSolution
		{6EE89576-C8F0-4482-847B-8F77EAA10D3A}.Debug|Any CPU.ActiveCfg = Debug|Any CPU
		{6EE89576-C8F0-4482-847B-8F77EAA10D3A}.Debug|Any CPU.Build.0 = Debug|Any CPU
		{6EE89576-C8F0-4482-847B-8F77EAA10D3A}.Release|Any CPU.ActiveCfg = Release|Any CPU
		{6EE89576-C8F0-4482-847B-8F77EAA10D3A}.Release|Any CPU.Build.0 = Release|Any CPU
		{A2C187A0-581F-4DC3-AF0C-594A57E683D1}.Debug|Any CPU.ActiveCfg = Debug|Any CPU
		{A2C187A0-581F-4DC3-AF0C-594A57E683D1}.Debug|Any CPU.Build.0 = Debug|Any CPU
		{A2C187A0-581F-4DC3-AF0C-594A57E683D1}.Release|Any CPU.ActiveCfg = Release|Any CPU
		{A2C187A0-581F-4DC3-AF0C-594A57E683D1}.Release|Any CPU.Build.0 = Release|Any CPU
		{AC63FE72-0C23-42B8-9253-2C89C2D7B6A6}.Debug|Any CPU.ActiveCfg = Debug|Any CPU
		{AC63FE72-0C23-42B8-9253-2C89C2D7B6A6}.Debug|Any CPU.Build.0 = Debug|Any CPU
		{AC63FE72-0C23-42B8-9253-2C89C2D7B6A6}.Release|Any CPU.ActiveCfg = Release|Any CPU
		{AC63FE72-0C23-42B8-9253-2C89C2D7B6A6}.Release|Any CPU.Build.0 = Release|Any CPU
		{FF067AB5-8AF2-4A89-9B28-D8E6A6CD92C1}.Debug|Any CPU.ActiveCfg = Debug|Any CPU
		{FF067AB5-8AF2-4A89-9B28-D8E6A6CD92C1}.Debug|Any CPU.Build.0 = Debug|Any CPU
		{FF067AB5-8AF2-4A89-9B28-D8E6A6CD92C1}.Release|Any CPU.ActiveCfg = Release|Any CPU
		{FF067AB5-8AF2-4A89-9B28-D8E6A6CD92C1}.Release|Any CPU.Build.0 = Release|Any CPU
		{84F49FF4-A1C7-4CDA-BF03-DF88B767F6C5}.Debug|Any CPU.ActiveCfg = Debug|Any CPU
		{84F49FF4-A1C7-4CDA-BF03-DF88B767F6C5}.Debug|Any CPU.Build.0 = Debug|Any CPU
		{84F49FF4-A1C7-4CDA-BF03-DF88B767F6C5}.Release|Any CPU.ActiveCfg = Release|Any CPU
		{84F49FF4-A1C7-4CDA-BF03-DF88B767F6C5}.Release|Any CPU.Build.0 = Release|Any CPU
		{769B73A8-AB7C-47C2-9AD9-545D1D220D3C}.Debug|Any CPU.ActiveCfg = Debug|Any CPU
		{769B73A8-AB7C-47C2-9AD9-545D1D220D3C}.Debug|Any CPU.Build.0 = Debug|Any CPU
		{769B73A8-AB7C-47C2-9AD9-545D1D220D3C}.Release|Any CPU.ActiveCfg = Release|Any CPU
		{769B73A8-AB7C-47C2-9AD9-545D1D220D3C}.Release|Any CPU.Build.0 = Release|Any CPU
	EndGlobalSection
	GlobalSection(SolutionProperties) = preSolution
		HideSolutionNode = FALSE
	EndGlobalSection
	GlobalSection(ExtensibilityGlobals) = postSolution
		SolutionGuid = {77FF313C-D9E5-437C-AC63-03B03AFF0328}
	EndGlobalSection
EndGlobal
